
Microsoft Visual Studio Solution File, Format Version 12.00
# Visual Studio Version 17
VisualStudioVersion = 17.11.35222.181
MinimumVisualStudioVersion = 10.0.40219.1
Project("{9A19103F-16F7-4668-BE54-9A1E7A4F7556}") = "CodePaste Wizard", "CodePaste Wizard.csproj", "{D8A96929-3C95-4CF7-A00D-3519A1C75B50}"
EndProject
Project("{9A19103F-16F7-4668-BE54-9A1E7A4F7556}") = "CodePaste Wizard Installer", "..\CodePaste Wizard Installer\CodePaste Wizard Installer.csproj", "{6FD65B61-03FA-4FD4-A707-91E6A54F7955}"
EndProject
Project("{54435603-DBB4-11D2-8724-00A0C9A8B90C}") = "CodePaste Installer", "..\CodePaste Installer\CodePaste Installer.vdproj", "{33F09C40-015B-49FD-B275-5482CA35F752}"
EndProject
Global
	GlobalSection(SolutionConfigurationPlatforms) = preSolution
		Debug|Any CPU = Debug|Any CPU
		Release|Any CPU = Release|Any CPU
	EndGlobalSection
	GlobalSection(ProjectConfigurationPlatforms) = postSolution
		{D8A96929-3C95-4CF7-A00D-3519A1C75B50}.Debug|Any CPU.ActiveCfg = Debug|Any CPU
		{D8A96929-3C95-4CF7-A00D-3519A1C75B50}.Debug|Any CPU.Build.0 = Debug|Any CPU
		{D8A96929-3C95-4CF7-A00D-3519A1C75B50}.Release|Any CPU.ActiveCfg = Release|Any CPU
		{D8A96929-3C95-4CF7-A00D-3519A1C75B50}.Release|Any CPU.Build.0 = Release|Any CPU
		{6FD65B61-03FA-4FD4-A707-91E6A54F7955}.Debug|Any CPU.ActiveCfg = Debug|Any CPU
		{6FD65B61-03FA-4FD4-A707-91E6A54F7955}.Debug|Any CPU.Build.0 = Debug|Any CPU
		{6FD65B61-03FA-4FD4-A707-91E6A54F7955}.Release|Any CPU.ActiveCfg = Release|Any CPU
		{6FD65B61-03FA-4FD4-A707-91E6A54F7955}.Release|Any CPU.Build.0 = Release|Any CPU
		{33F09C40-015B-49FD-B275-5482CA35F752}.Debug|Any CPU.ActiveCfg = Debug
		{33F09C40-015B-49FD-B275-5482CA35F752}.Release|Any CPU.ActiveCfg = Release
	EndGlobalSection
	GlobalSection(SolutionProperties) = preSolution
		HideSolutionNode = FALSE
	EndGlobalSection
	GlobalSection(ExtensibilityGlobals) = postSolution
		SolutionGuid = {240732D1-A674-4278-9AF0-A271554352BD}
	EndGlobalSection
EndGlobal
